{
  "originHash" : "c136c0a7853d23bd22dea01b8c717ba8c7dec6131ec2c34fd3de43b8a2fd4819",
  "pins" : [
    {
      "identity" : "brightcove-player-sdk-ios",
      "kind" : "remoteSourceControl",
      "location" : "https://github.com/brightcove/brightcove-player-sdk-ios",
      "state" : {
        "branch" : "master",
        "revision" : "c036eb73006e1291d7a0d01eeab6c026b565bb9a"
      }
    },
    {
      "identity" : "brightcove-player-sdk-ios-ima",
      "kind" : "remoteSourceControl",
      "location" : "https://github.com/brightcove/brightcove-player-sdk-ios-ima.git",
      "state" : {
        "branch" : "master",
        "revision" : "08d2ed73bb57b504bdf147a9000dfd5ae555ea68"
      }
    },
    {
      "identity" : "swift-package-manager-google-interactive-media-ads-ios",
      "kind" : "remoteSourceControl",
      "location" : "https://github.com/googleads/swift-package-manager-google-interactive-media-ads-ios",
      "state" : {
        "branch" : "main",
        "revision" : "9bd145421334f4c3a4650b2478b21a0aa842bffb"
      }
    }
  ],
  "version" : 3
}
